github.com/btcsuite/btcd v0.22.1 h1:CnwP9LM/M9xuRrGSCGeMVs9iv09uMqwsVX7EeIpgV2c=
github.com/btcsuite/btcd v0.22.1/go.mod h1:wqgTSL29+50LRkmOVknEdmt8ZojIzhuWvgu/iptuN7Y=
github.com/btcsuite/btcd/chaincfg/chainhash v1.0.1 h1:q0rUy8C/TYNBQS1+CGKw68tLOFYSNEs0TFnxxnS9+4U=
github.com/creack/pty v1.1.9/go.mod h1:oKZEueFk5CKHvIhNR5MUki03XCEU+Q6VDXinZuGJ33E=
github.com/davecgh/go-spew v1.1.0/go.mod h1:J7Y8YcW2NihsgmVo/mv3lAwl/skON4iLHjSsI+c5H38=
github.com/davecgh/go-spew v1.1.1 h1:vj9j/u1bqnvCEfJOwUhtlOARqs3+rkHYY13jYWTU97c=
github.com/davecgh/go-spew v1.1.1/go.mod h1:J7Y8YcW2NihsgmVo/mv3lAwl/skON4iLHjSsI+c5H38=
github.com/defiweb/go-anymapper v0.0.0-20221111215322-de18c0f15377 h1:tqjWj919qTPwVWYYIx/D//jSSMXh2W2Bps4A2joofm4=
github.com/defiweb/go-anymapper v0.0.0-20221111215322-de18c0f15377/go.mod h1:O8T4tH9Cyd1fi6M/M+XVX1kNYurlRlXRv3lTbut62tc=
github.com/defiweb/go-anymapper v0.0.0-20221115024347-6da015e00419 h1:oNE7TZqSNke2FmTNwTWLC+AkmXBcJtTYw4z1J98QTPE=
github.com/defiweb/go-anymapper v0.0.0-20221115024347-6da015e00419/go.mod h1:O8T4tH9Cyd1fi6M/M+XVX1kNYurlRlXRv3lTbut62tc=
github.com/defiweb/go-anymapper v0.0.0-20221115195659-a8e423551a98 h1:j3r+ilrX/j0nzv84RK6J5PMCqPtUrQitz8Cqw3Ux5Pg=
github.com/defiweb/go-anymapper v0.0.0-20221115195659-a8e423551a98/go.mod h1:O8T4tH9Cyd1fi6M/M+XVX1kNYurlRlXRv3lTbut62tc=
github.com/defiweb/go-anymapper v0.0.0-20221122032410-7c29b49da570 h1:VQ8fIEXyU+fwSQZpfW2IDyNVYJ0K94s8UW/7KihKA80=
github.com/defiweb/go-anymapper v0.0.0-20221122032410-7c29b49da570/go.mod h1:O8T4tH9Cyd1fi6M/M+XVX1kNYurlRlXRv3lTbut62tc=
github.com/defiweb/go-anymapper v0.0.0-20221126154934-3c9a08059605 h1:NyblZg8I5+d6qw1j9IXpj6KWd03zAmTNXTDFbWS5EbE=
github.com/defiweb/go-anymapper v0.0.0-20221126154934-3c9a08059605/go.mod h1:O8T4tH9Cyd1fi6M/M+XVX1kNYurlRlXRv3lTbut62tc=
github.com/defiweb/go-anymapper v0.0.0-20221205224438-1bcba9f18a53 h1:J4spalWl04WhlLlTTebKkcoKdducm5yTGulRNgOC9i0=
github.com/defiweb/go-anymapper v0.0.0-20221205224438-1bcba9f18a53/go.mod h1:O8T4tH9Cyd1fi6M/M+XVX1kNYurlRlXRv3lTbut62tc=
github.com/defiweb/go-anymapper v0.0.0-20221205233256-6fb3cc4adbb1 h1:kCL95rWu28oGAStmgqO4bcih2lqGbmfYkA60A+oF13E=
github.com/defiweb/go-anymapper v0.0.0-20221205233256-6fb3cc4adbb1/go.mod h1:O8T4tH9Cyd1fi6M/M+XVX1kNYurlRlXRv3lTbut62tc=
github.com/defiweb/go-anymapper v0.0.0-20221205234056-1a1a7ba172cc h1:2z4dgKMjkmqTyjnYHnRofK7otPxG0azyMH9YO0eWLjo=
github.com/defiweb/go-anymapper v0.0.0-20221205234056-1a1a7ba172cc/go.mod h1:O8T4tH9Cyd1fi6M/M+XVX1kNYurlRlXRv3lTbut62tc=
github.com/defiweb/go-rlp v0.0.0-20221110234728-569c5d013937 h1:R/f+QShq/LjTQE34x5PNJ4M1PgoyTFx0xAIVNKW27N8=
github.com/defiweb/go-rlp v0.0.0-20221110234728-569c5d013937/go.mod h1:nLGzk10jAgynPvN2hL+tLnnyZ5Fcshv0wmpWDRtV0PA=
github.com/defiweb/go-sigparser v0.0.0-20221111060017-dbd0de2ae5ae h1:/H5ak6xMOnCvYs4h4nzOVCJDUTmBdsTHCxv2Brdi4qI=
github.com/defiweb/go-sigparser v0.0.0-20221111060017-dbd0de2ae5ae/go.mod h1:R1wkfsnASR2M38ZupKHoqqIfv+8HgRbZaFQI9Inr4k8=
github.com/defiweb/go-sigparser v0.0.0-20221118124113-9bb2ac0f9646 h1:/3M77RtHcCbHPe5KfORG0uB76bCNxsNniaVw1KAuOnI=
github.com/defiweb/go-sigparser v0.0.0-20221118124113-9bb2ac0f9646/go.mod h1:R1wkfsnASR2M38ZupKHoqqIfv+8HgRbZaFQI9Inr4k8=
github.com/defiweb/go-sigparser v0.0.0-20221125210852-47cbef8cb4ba h1:f+rSFSEaDdNT6Py5TTLEayYqR4TjERU6T/uvd1JIjoI=
github.com/defiweb/go-sigparser v0.0.0-20221125210852-47cbef8cb4ba/go.mod h1:R1wkfsnASR2M38ZupKHoqqIfv+8HgRbZaFQI9Inr4k8=
github.com/defiweb/go-sigparser v0.0.0-20221125211146-2e4b90d8e269 h1:CxNESKI7WRY9w1pHrwL7/QS6RqflYXE09KU4+S5ZDLk=
github.com/defiweb/go-sigparser v0.0.0-20221125211146-2e4b90d8e269/go.mod h1:R1wkfsnASR2M38ZupKHoqqIfv+8HgRbZaFQI9Inr4k8=
github.com/kr/pretty v0.1.0 h1:L/CwN0zerZDmRFUapSPitk6f+Q3+0za1rQkzVuMiMFI=
github.com/kr/pretty v0.1.0/go.mod h1:dAy3ld7l9f0ibDNOQOHHMYYIIbhfbHSm3C4ZsoJORNo=
github.com/kr/pty v1.1.1/go.mod h1:pFQYn66WHrOpPYNljwOMqo10TkYh1fy3cYio2l3bCsQ=
github.com/kr/text v0.1.0/go.mod h1:4Jbv+DJW3UT/LiOwJeYQe1efqtUx/iVham/4vfdArNI=
github.com/kr/text v0.2.0 h1:5Nx0Ya0ZqY2ygV366QzturHI13Jq95ApcVaJBhpS+AY=
github.com/kr/text v0.2.0/go.mod h1:eLer722TekiGuMkidMxC/pM04lWEeraHUUmBw8l2grE=
github.com/pmezard/go-difflib v1.0.0 h1:4DBwDE0NGyQoBHbLQYPwSUPoCMWR5BEzIk/f1lZbAQM=
github.com/pmezard/go-difflib v1.0.0/go.mod h1:iKH77koFhYxTK1pcRnkKkqfTogsbg7gZNVY4sRDYZ/4=
github.com/stretchr/objx v0.1.0/go.mod h1:HFkY916IF+rwdDfMAkV7OtwuqBVzrE8GR6GFx+wExME=
github.com/stretchr/objx v0.4.0/go.mod h1:YvHI0jy2hoMjB+UWwv71VJQ9isScKT/TqJzVSSt89Yw=
github.com/stretchr/objx v0.5.0/go.mod h1:Yh+to48EsGEfYuaHDzXPcE3xhTkx73EhmCGUpEOglKo=
github.com/stretchr/testify v1.7.1/go.mod h1:6Fq8oRcR53rry900zMqJjRRixrwX3KX962/h/Wwjteg=
github.com/stretchr/testify v1.8.0/go.mod h1:yNjHg4UonilssWZ8iaSj1OCr/vHnekPRkoO+kdMU+MU=
github.com/stretchr/testify v1.8.1 h1:w7B6lhMri9wdJUVmEZPGGhZzrYTPvgJArz7wNPgYKsk=
github.com/stretchr/testify v1.8.1/go.mod h1:w2LPCIKwWwSfY2zedu0+kehJoqGctiVI29o6fzry7u4=
golang.org/x/crypto v0.1.0 h1:MDRAIl0xIo9Io2xV565hzXHw3zVseKrJKodhohM5CjU=
golang.org/x/crypto v0.1.0/go.mod h1:RecgLatLF4+eUMCP1PoPZQb+cVrJcOPbHkTkbkB9sbw=
golang.org/x/sys v0.1.0 h1:kunALQeHf1/185U1i0GOB/fy1IPRDDpuoOOqRReG57U=
golang.org/x/sys v0.1.0/go.mod h1:oPkhp1MJrh7nUepCBck5+mAzfO9JrbApNNgaTdGDITg=
gopkg.in/check.v1 v0.0.0-20161208181325-20d25e280405/go.mod h1:Co6ibVJAznAaIkqp8huTwlJQCZ016jof/cbN4VW5Yz0=
gopkg.in/check.v1 v1.0.0-20180628173108-788fd7840127 h1:qIbj1fsPNlZgppZ+VLlY7N33q108Sa+fhmuc+sWQYwY=
gopkg.in/check.v1 v1.0.0-20180628173108-788fd7840127/go.mod h1:Co6ibVJAznAaIkqp8huTwlJQCZ016jof/cbN4VW5Yz0=
gopkg.in/yaml.v3 v3.0.0-20200313102051-9f266ea9e77c/go.mod h1:K4uyk7z7BCEPqu6E+C64Yfv1cQ7kz7rIZviUmN+EgEM=
gopkg.in/yaml.v3 v3.0.1 h1:fxVm/GzAzEWqLHuvctI91KS9hhNmmWOoWu0XTYJS7CA=
gopkg.in/yaml.v3 v3.0.1/go.mod h1:K4uyk7z7BCEPqu6E+C64Yfv1cQ7kz7rIZviUmN+EgEM=
